
Microsoft Visual Studio Solution File, Format Version 12.00
# Visual Studio Version 17
VisualStudioVersion = 17.0.31919.166
MinimumVisualStudioVersion = 10.0.40219.1
Project("{9A19103F-16F7-4668-BE54-9A1E7A4F7556}") = "Exercise02", "Exercise02\Exercise02.csproj", "{00783771-9E94-41F4-B3BD-1DC5DD2B33D9}"
EndProject
Project("{9A19103F-16F7-4668-BE54-9A1E7A4F7556}") = "Exercise01", "Exercise01\Exercise01.csproj", "{78655F89-3EB1-4514-A041-80D4721D6593}"
EndProject
Project("{FAE04EC0-301F-11D3-BF4B-00C04F79EFBC}") = "Exercise01.Test", "Exercise01.Test\Exercise01.Test.csproj", "{7EEF8F71-E844-417B-8A5E-E8190906F7A5}"
EndProject
Global
	GlobalSection(SolutionConfigurationPlatforms) = preSolution
		Debug|Any CPU = Debug|Any CPU
		Release|Any CPU = Release|Any CPU
	EndGlobalSection
	GlobalSection(ProjectConfigurationPlatforms) = postSolution
		{00783771-9E94-41F4-B3BD-1DC5DD2B33D9}.Debug|Any CPU.ActiveCfg = Debug|Any CPU
		{00783771-9E94-41F4-B3BD-1DC5DD2B33D9}.Debug|Any CPU.Build.0 = Debug|Any CPU
		{00783771-9E94-41F4-B3BD-1DC5DD2B33D9}.Release|Any CPU.ActiveCfg = Release|Any CPU
		{00783771-9E94-41F4-B3BD-1DC5DD2B33D9}.Release|Any CPU.Build.0 = Release|Any CPU
		{78655F89-3EB1-4514-A041-80D4721D6593}.Debug|Any CPU.ActiveCfg = Debug|Any CPU
		{78655F89-3EB1-4514-A041-80D4721D6593}.Debug|Any CPU.Build.0 = Debug|Any CPU
		{78655F89-3EB1-4514-A041-80D4721D6593}.Release|Any CPU.ActiveCfg = Release|Any CPU
		{78655F89-3EB1-4514-A041-80D4721D6593}.Release|Any CPU.Build.0 = Release|Any CPU
		{7EEF8F71-E844-417B-8A5E-E8190906F7A5}.Debug|Any CPU.ActiveCfg = Debug|Any CPU
		{7EEF8F71-E844-417B-8A5E-E8190906F7A5}.Debug|Any CPU.Build.0 = Debug|Any CPU
		{7EEF8F71-E844-417B-8A5E-E8190906F7A5}.Release|Any CPU.ActiveCfg = Release|Any CPU
		{7EEF8F71-E844-417B-8A5E-E8190906F7A5}.Release|Any CPU.Build.0 = Release|Any CPU
	EndGlobalSection
	GlobalSection(SolutionProperties) = preSolution
		HideSolutionNode = FALSE
	EndGlobalSection
	GlobalSection(ExtensibilityGlobals) = postSolution
		SolutionGuid = {12C7957A-8C40-47B2-AB53-6F822B6AE230}
	EndGlobalSection
EndGlobal
